
Microsoft Visual Studio Solution File, Format Version 12.00
# Visual Studio Version 16
VisualStudioVersion = 16.0.29509.3
MinimumVisualStudioVersion = 10.0.40219.1
Project("{FAE04EC0-301F-11D3-BF4B-00C04F79EFBC}") = "PPC", "PPC\PPC.csproj", "{FEDCB996-6191-4A1F-B338-BF3BD84B7889}"
EndProject
Global
	GlobalSection(SolutionConfigurationPlatforms) = preSolution
		Debug|Any CPU = Debug|Any CPU
		Release|Any CPU = Release|Any CPU
	EndGlobalSection
	GlobalSection(ProjectConfigurationPlatforms) = postSolution
		{FEDCB996-6191-4A1F-B338-BF3BD84B7889}.Debug|Any CPU.ActiveCfg = Debug|Any CPU
		{FEDCB996-6191-4A1F-B338-BF3BD84B7889}.Debug|Any CPU.Build.0 = Debug|Any CPU
		{FEDCB996-6191-4A1F-B338-BF3BD84B7889}.Release|Any CPU.ActiveCfg = Release|Any CPU
		{FEDCB996-6191-4A1F-B338-BF3BD84B7889}.Release|Any CPU.Build.0 = Release|Any CPU
	EndGlobalSection
	GlobalSection(SolutionProperties) = preSolution
		HideSolutionNode = FALSE
	EndGlobalSection
	GlobalSection(ExtensibilityGlobals) = postSolution
		SolutionGuid = {CD3E4A60-B53A-471F-8089-C6AFC6D081D8}
	EndGlobalSection
EndGlobal
